
Microsoft Visual Studio Solution File, Format Version 12.00
# Visual Studio Version 17
VisualStudioVersion = 17.5.33627.172
MinimumVisualStudioVersion = 10.0.40219.1
Project("{FAE04EC0-301F-11D3-BF4B-00C04F79EFBC}") = "TorrentTracker_App", "TorrentTracker_App\TorrentTracker_App.csproj", "{8A54A556-4440-4C6A-B8AC-3D8ED86D843E}"
EndProject
Project("{FAE04EC0-301F-11D3-BF4B-00C04F79EFBC}") = "DateBase", "DateBase\DateBase.csproj", "{7CCC887D-865C-459F-ACEA-011F3647B2EE}"
EndProject
Global
	GlobalSection(SolutionConfigurationPlatforms) = preSolution
		Debug|Any CPU = Debug|Any CPU
		Release|Any CPU = Release|Any CPU
	EndGlobalSection
	GlobalSection(ProjectConfigurationPlatforms) = postSolution
		{8A54A556-4440-4C6A-B8AC-3D8ED86D843E}.Debug|Any CPU.ActiveCfg = Debug|Any CPU
		{8A54A556-4440-4C6A-B8AC-3D8ED86D843E}.Debug|Any CPU.Build.0 = Debug|Any CPU
		{8A54A556-4440-4C6A-B8AC-3D8ED86D843E}.Release|Any CPU.ActiveCfg = Release|Any CPU
		{8A54A556-4440-4C6A-B8AC-3D8ED86D843E}.Release|Any CPU.Build.0 = Release|Any CPU
		{7CCC887D-865C-459F-ACEA-011F3647B2EE}.Debug|Any CPU.ActiveCfg = Debug|Any CPU
		{7CCC887D-865C-459F-ACEA-011F3647B2EE}.Debug|Any CPU.Build.0 = Debug|Any CPU
		{7CCC887D-865C-459F-ACEA-011F3647B2EE}.Release|Any CPU.ActiveCfg = Release|Any CPU
		{7CCC887D-865C-459F-ACEA-011F3647B2EE}.Release|Any CPU.Build.0 = Release|Any CPU
	EndGlobalSection
	GlobalSection(SolutionProperties) = preSolution
		HideSolutionNode = FALSE
	EndGlobalSection
	GlobalSection(ExtensibilityGlobals) = postSolution
		SolutionGuid = {9636311F-3961-4047-B938-1E54FCA46141}
	EndGlobalSection
EndGlobal
